
Microsoft Visual Studio Solution File, Format Version 12.00
# Visual Studio Version 17
VisualStudioVersion = 17.13.35931.197 d17.13
MinimumVisualStudioVersion = 10.0.40219.1
Project("{FAE04EC0-301F-11D3-BF4B-00C04F79EFBC}") = "Objektorientering", "Objektorientering\Objektorientering.csproj", "{FDEC93BA-A7B6-4732-A800-B7D099849A36}"
EndProject
Global
	GlobalSection(SolutionConfigurationPlatforms) = preSolution
		Debug|Any CPU = Debug|Any CPU
		Release|Any CPU = Release|Any CPU
	EndGlobalSection
	GlobalSection(ProjectConfigurationPlatforms) = postSolution
		{FDEC93BA-A7B6-4732-A800-B7D099849A36}.Debug|Any CPU.ActiveCfg = Debug|Any CPU
		{FDEC93BA-A7B6-4732-A800-B7D099849A36}.Debug|Any CPU.Build.0 = Debug|Any CPU
		{FDEC93BA-A7B6-4732-A800-B7D099849A36}.Release|Any CPU.ActiveCfg = Release|Any CPU
		{FDEC93BA-A7B6-4732-A800-B7D099849A36}.Release|Any CPU.Build.0 = Release|Any CPU
	EndGlobalSection
	GlobalSection(SolutionProperties) = preSolution
		HideSolutionNode = FALSE
	EndGlobalSection
	GlobalSection(ExtensibilityGlobals) = postSolution
		SolutionGuid = {7DACBACB-3C4C-4776-97D2-17AC2EE8CB0B}
	EndGlobalSection
EndGlobal
