
Microsoft Visual Studio Solution File, Format Version 12.00
# Visual Studio Version 17
VisualStudioVersion = 17.13.35931.197 d17.13
MinimumVisualStudioVersion = 10.0.40219.1
Project("{FAE04EC0-301F-11D3-BF4B-00C04F79EFBC}") = "DataTyper", "DataTyper\DataTyper.csproj", "{16A838C9-564C-4B76-BE5A-0DB39C2079F7}"
EndProject
Global
	GlobalSection(SolutionConfigurationPlatforms) = preSolution
		Debug|Any CPU = Debug|Any CPU
		Release|Any CPU = Release|Any CPU
	EndGlobalSection
	GlobalSection(ProjectConfigurationPlatforms) = postSolution
		{16A838C9-564C-4B76-BE5A-0DB39C2079F7}.Debug|Any CPU.ActiveCfg = Debug|Any CPU
		{16A838C9-564C-4B76-BE5A-0DB39C2079F7}.Debug|Any CPU.Build.0 = Debug|Any CPU
		{16A838C9-564C-4B76-BE5A-0DB39C2079F7}.Release|Any CPU.ActiveCfg = Release|Any CPU
		{16A838C9-564C-4B76-BE5A-0DB39C2079F7}.Release|Any CPU.Build.0 = Release|Any CPU
	EndGlobalSection
	GlobalSection(SolutionProperties) = preSolution
		HideSolutionNode = FALSE
	EndGlobalSection
	GlobalSection(ExtensibilityGlobals) = postSolution
		SolutionGuid = {88BE3ABE-4EEE-4A60-B001-F7F8B2590ECD}
	EndGlobalSection
EndGlobal
