
Microsoft Visual Studio Solution File, Format Version 12.00
# Visual Studio Version 17
VisualStudioVersion = 17.13.35931.197 d17.13
MinimumVisualStudioVersion = 10.0.40219.1
Project("{FAE04EC0-301F-11D3-BF4B-00C04F79EFBC}") = "Constructor", "Constructor\Constructor.csproj", "{2317529B-CD20-4077-B879-21E3845975E6}"
EndProject
Global
	GlobalSection(SolutionConfigurationPlatforms) = preSolution
		Debug|Any CPU = Debug|Any CPU
		Release|Any CPU = Release|Any CPU
	EndGlobalSection
	GlobalSection(ProjectConfigurationPlatforms) = postSolution
		{2317529B-CD20-4077-B879-21E3845975E6}.Debug|Any CPU.ActiveCfg = Debug|Any CPU
		{2317529B-CD20-4077-B879-21E3845975E6}.Debug|Any CPU.Build.0 = Debug|Any CPU
		{2317529B-CD20-4077-B879-21E3845975E6}.Release|Any CPU.ActiveCfg = Release|Any CPU
		{2317529B-CD20-4077-B879-21E3845975E6}.Release|Any CPU.Build.0 = Release|Any CPU
	EndGlobalSection
	GlobalSection(SolutionProperties) = preSolution
		HideSolutionNode = FALSE
	EndGlobalSection
	GlobalSection(ExtensibilityGlobals) = postSolution
		SolutionGuid = {8F6A337D-4DF6-4CBB-88CE-BDC35B4B7230}
	EndGlobalSection
EndGlobal
