
Microsoft Visual Studio Solution File, Format Version 12.00
# Visual Studio Version 17
VisualStudioVersion = 17.13.35931.197 d17.13
MinimumVisualStudioVersion = 10.0.40219.1
Project("{FAE04EC0-301F-11D3-BF4B-00C04F79EFBC}") = "PikachuObject", "PikachuObject\PikachuObject.csproj", "{D2FDC289-BD96-4D8A-8361-4068DBB4114E}"
EndProject
Global
	GlobalSection(SolutionConfigurationPlatforms) = preSolution
		Debug|Any CPU = Debug|Any CPU
		Release|Any CPU = Release|Any CPU
	EndGlobalSection
	GlobalSection(ProjectConfigurationPlatforms) = postSolution
		{D2FDC289-BD96-4D8A-8361-4068DBB4114E}.Debug|Any CPU.ActiveCfg = Debug|Any CPU
		{D2FDC289-BD96-4D8A-8361-4068DBB4114E}.Debug|Any CPU.Build.0 = Debug|Any CPU
		{D2FDC289-BD96-4D8A-8361-4068DBB4114E}.Release|Any CPU.ActiveCfg = Release|Any CPU
		{D2FDC289-BD96-4D8A-8361-4068DBB4114E}.Release|Any CPU.Build.0 = Release|Any CPU
	EndGlobalSection
	GlobalSection(SolutionProperties) = preSolution
		HideSolutionNode = FALSE
	EndGlobalSection
	GlobalSection(ExtensibilityGlobals) = postSolution
		SolutionGuid = {A52E1BE7-2A33-40F1-B37B-008246B1C5CD}
	EndGlobalSection
EndGlobal
