
Microsoft Visual Studio Solution File, Format Version 12.00
# Visual Studio Version 17
VisualStudioVersion = 17.13.35931.197 d17.13
MinimumVisualStudioVersion = 10.0.40219.1
Project("{FAE04EC0-301F-11D3-BF4B-00C04F79EFBC}") = "Hva heter du", "Hva heter du\Hva heter du.csproj", "{B7CADB61-E76D-43FD-8EFE-F4D8E80EC675}"
EndProject
Global
	GlobalSection(SolutionConfigurationPlatforms) = preSolution
		Debug|Any CPU = Debug|Any CPU
		Release|Any CPU = Release|Any CPU
	EndGlobalSection
	GlobalSection(ProjectConfigurationPlatforms) = postSolution
		{B7CADB61-E76D-43FD-8EFE-F4D8E80EC675}.Debug|Any CPU.ActiveCfg = Debug|Any CPU
		{B7CADB61-E76D-43FD-8EFE-F4D8E80EC675}.Debug|Any CPU.Build.0 = Debug|Any CPU
		{B7CADB61-E76D-43FD-8EFE-F4D8E80EC675}.Release|Any CPU.ActiveCfg = Release|Any CPU
		{B7CADB61-E76D-43FD-8EFE-F4D8E80EC675}.Release|Any CPU.Build.0 = Release|Any CPU
	EndGlobalSection
	GlobalSection(SolutionProperties) = preSolution
		HideSolutionNode = FALSE
	EndGlobalSection
	GlobalSection(ExtensibilityGlobals) = postSolution
		SolutionGuid = {F25846BC-787C-4304-BDB0-C9FA9A962338}
	EndGlobalSection
EndGlobal
