
Microsoft Visual Studio Solution File, Format Version 12.00
# Visual Studio Version 17
VisualStudioVersion = 17.13.35931.197 d17.13
MinimumVisualStudioVersion = 10.0.40219.1
Project("{FAE04EC0-301F-11D3-BF4B-00C04F79EFBC}") = "StigeSpilletTDD.Console", "StigeSpilletTDD\StigeSpilletTDD.Console.csproj", "{52B742F1-70E3-4DAA-A808-5413FF50BD68}"
EndProject
Project("{FAE04EC0-301F-11D3-BF4B-00C04F79EFBC}") = "StigeSpilletTDD.Test", "StigeSpilletTDD.Test\StigeSpilletTDD.Test.csproj", "{77B2564C-9A63-4B18-AA43-2467863F8A29}"
EndProject
Global
	GlobalSection(SolutionConfigurationPlatforms) = preSolution
		Debug|Any CPU = Debug|Any CPU
		Release|Any CPU = Release|Any CPU
	EndGlobalSection
	GlobalSection(ProjectConfigurationPlatforms) = postSolution
		{52B742F1-70E3-4DAA-A808-5413FF50BD68}.Debug|Any CPU.ActiveCfg = Debug|Any CPU
		{52B742F1-70E3-4DAA-A808-5413FF50BD68}.Debug|Any CPU.Build.0 = Debug|Any CPU
		{52B742F1-70E3-4DAA-A808-5413FF50BD68}.Release|Any CPU.ActiveCfg = Release|Any CPU
		{52B742F1-70E3-4DAA-A808-5413FF50BD68}.Release|Any CPU.Build.0 = Release|Any CPU
		{77B2564C-9A63-4B18-AA43-2467863F8A29}.Debug|Any CPU.ActiveCfg = Debug|Any CPU
		{77B2564C-9A63-4B18-AA43-2467863F8A29}.Debug|Any CPU.Build.0 = Debug|Any CPU
		{77B2564C-9A63-4B18-AA43-2467863F8A29}.Release|Any CPU.ActiveCfg = Release|Any CPU
		{77B2564C-9A63-4B18-AA43-2467863F8A29}.Release|Any CPU.Build.0 = Release|Any CPU
	EndGlobalSection
	GlobalSection(SolutionProperties) = preSolution
		HideSolutionNode = FALSE
	EndGlobalSection
	GlobalSection(ExtensibilityGlobals) = postSolution
		SolutionGuid = {013F2A53-00E9-4223-91E2-EB4161E1C14F}
	EndGlobalSection
EndGlobal
