
Microsoft Visual Studio Solution File, Format Version 12.00
# Visual Studio Version 17
VisualStudioVersion = 17.13.35931.197 d17.13
MinimumVisualStudioVersion = 10.0.40219.1
Project("{FAE04EC0-301F-11D3-BF4B-00C04F79EFBC}") = "Studentadminstasjonssystem", "Studentadminstasjonssystem\Studentadminstasjonssystem.csproj", "{4D608778-4BD7-4ED1-B51B-DDA0815418D6}"
EndProject
Global
	GlobalSection(SolutionConfigurationPlatforms) = preSolution
		Debug|Any CPU = Debug|Any CPU
		Release|Any CPU = Release|Any CPU
	EndGlobalSection
	GlobalSection(ProjectConfigurationPlatforms) = postSolution
		{4D608778-4BD7-4ED1-B51B-DDA0815418D6}.Debug|Any CPU.ActiveCfg = Debug|Any CPU
		{4D608778-4BD7-4ED1-B51B-DDA0815418D6}.Debug|Any CPU.Build.0 = Debug|Any CPU
		{4D608778-4BD7-4ED1-B51B-DDA0815418D6}.Release|Any CPU.ActiveCfg = Release|Any CPU
		{4D608778-4BD7-4ED1-B51B-DDA0815418D6}.Release|Any CPU.Build.0 = Release|Any CPU
	EndGlobalSection
	GlobalSection(SolutionProperties) = preSolution
		HideSolutionNode = FALSE
	EndGlobalSection
	GlobalSection(ExtensibilityGlobals) = postSolution
		SolutionGuid = {072E278A-4821-4E90-90B9-63FF75E98975}
	EndGlobalSection
EndGlobal
