
Microsoft Visual Studio Solution File, Format Version 12.00
# Visual Studio Version 17
VisualStudioVersion = 17.13.35931.197 d17.13
MinimumVisualStudioVersion = 10.0.40219.1
Project("{FAE04EC0-301F-11D3-BF4B-00C04F79EFBC}") = "Metode intro oppgave", "Metode intro oppgave\Metode intro oppgave.csproj", "{5956FD43-1F3E-4819-BB17-F637A5600130}"
EndProject
Global
	GlobalSection(SolutionConfigurationPlatforms) = preSolution
		Debug|Any CPU = Debug|Any CPU
		Release|Any CPU = Release|Any CPU
	EndGlobalSection
	GlobalSection(ProjectConfigurationPlatforms) = postSolution
		{5956FD43-1F3E-4819-BB17-F637A5600130}.Debug|Any CPU.ActiveCfg = Debug|Any CPU
		{5956FD43-1F3E-4819-BB17-F637A5600130}.Debug|Any CPU.Build.0 = Debug|Any CPU
		{5956FD43-1F3E-4819-BB17-F637A5600130}.Release|Any CPU.ActiveCfg = Release|Any CPU
		{5956FD43-1F3E-4819-BB17-F637A5600130}.Release|Any CPU.Build.0 = Release|Any CPU
	EndGlobalSection
	GlobalSection(SolutionProperties) = preSolution
		HideSolutionNode = FALSE
	EndGlobalSection
	GlobalSection(ExtensibilityGlobals) = postSolution
		SolutionGuid = {2FC8C8CF-1B2B-4BF7-BDDD-43A3F9830CAC}
	EndGlobalSection
EndGlobal
